{
  "version": 4,
  "terraform_version": "1.1.7",
  "serial": 28,
  "lineage": "a5b209a0-10f5-684e-94ec-4413971339e8",
  "outputs": {},
  "resources": [
    {
      "mode": "data",
      "type": "google_iam_policy",
      "name": "noauth",
      "provider": "provider[\"registry.terraform.io/hashicorp/google\"]",
      "instances": [
        {
          "schema_version": 0,
          "attributes": {
            "audit_config": null,
            "binding": [
              {
                "condition": [],
                "members": [
                  "allUsers"
                ],
                "role": "roles/run.invoker"
              }
            ],
            "id": "3450855414",
            "policy_data": "{\"bindings\":[{\"members\":[\"allUsers\"],\"role\":\"roles/run.invoker\"}]}"
          },
          "sensitive_attributes": []
        }
      ]
    },
    {
      "mode": "managed",
      "type": "google_cloud_run_service",
      "name": "default",
      "provider": "provider[\"registry.terraform.io/hashicorp/google\"]",
      "instances": [
        {
          "schema_version": 1,
          "attributes": {
            "autogenerate_revision_name": false,
            "id": "locations/us-central1/namespaces/devops102-analiza/services/ali-srv",
            "location": "us-central1",
            "metadata": [
              {
                "annotations": {
                  "run.googleapis.com/ingress": "all",
                  "run.googleapis.com/ingress-status": "all",
                  "serving.knative.dev/creator": "aliabushalbak1996@gmail.com",
                  "serving.knative.dev/lastModifier": "aliabushalbak1996@gmail.com"
                },
                "generation": 1,
                "labels": {
                  "cloud.googleapis.com/location": "us-central1"
                },
                "namespace": "devops102-analiza",
                "resource_version": "AAXbYFAALdk",
                "self_link": "/apis/serving.knative.dev/v1/namespaces/48248470608/services/ali-srv",
                "uid": "68924d89-73ef-46ea-b8f5-99ba15bd42cd"
              }
            ],
            "name": "ali-srv",
            "project": "devops102-analiza",
            "status": [
              {
                "conditions": [
                  {
                    "message": "",
                    "reason": "",
                    "status": "True",
                    "type": "Ready"
                  },
                  {
                    "message": "",
                    "reason": "",
                    "status": "True",
                    "type": "ConfigurationsReady"
                  },
                  {
                    "message": "",
                    "reason": "",
                    "status": "True",
                    "type": "RoutesReady"
                  }
                ],
                "latest_created_revision_name": "ali-srv-gdnqf",
                "latest_ready_revision_name": "ali-srv-gdnqf",
                "observed_generation": 1,
                "url": "https://ali-srv-k36xj73pla-uc.a.run.app"
              }
            ],
            "template": [
              {
                "metadata": [
                  {
                    "annotations": {
                      "autoscaling.knative.dev/maxScale": "100"
                    },
                    "generation": 0,
                    "labels": {},
                    "name": "",
                    "namespace": "",
                    "resource_version": "",
                    "self_link": "",
                    "uid": ""
                  }
                ],
                "spec": [
                  {
                    "container_concurrency": 80,
                    "containers": [
                      {
                        "args": [],
                        "command": [],
                        "env": [],
                        "env_from": [],
                        "image": "gcr.io/devops102-analiza/ali",
                        "ports": [
                          {
                            "container_port": 8080,
                            "name": "http1",
                            "protocol": ""
                          }
                        ],
                        "resources": [
                          {
                            "limits": {
                              "cpu": "1000m",
                              "memory": "512Mi"
                            },
                            "requests": {}
                          }
                        ],
                        "volume_mounts": [],
                        "working_dir": ""
                      }
                    ],
                    "service_account_name": "48248470608-compute@developer.gserviceaccount.com",
                    "serving_state": "",
                    "timeout_seconds": 300,
                    "volumes": []
                  }
                ]
              }
            ],
            "timeouts": null,
            "traffic": [
              {
                "latest_revision": true,
                "percent": 100,
                "revision_name": ""
              }
            ]
          },
          "sensitive_attributes": [],
          "private": "eyJlMmJmYjczMC1lY2FhLTExZTYtOGY4OC0zNDM2M2JjN2M0YzAiOnsiY3JlYXRlIjoxMjAwMDAwMDAwMDAwLCJkZWxldGUiOjEyMDAwMDAwMDAwMDAsInVwZGF0ZSI6MTIwMDAwMDAwMDAwMH0sInNjaGVtYV92ZXJzaW9uIjoiMSJ9"
        }
      ]
    },
    {
      "mode": "managed",
      "type": "google_cloud_run_service_iam_policy",
      "name": "noauth",
      "provider": "provider[\"registry.terraform.io/hashicorp/google\"]",
      "instances": [
        {
          "schema_version": 0,
          "attributes": {
            "etag": "BwXbYHlVwNY=",
            "id": "v1/projects/devops102-analiza/locations/us-central1/services/ali-srv",
            "location": "us-central1",
            "policy_data": "{\"bindings\":[{\"members\":[\"allUsers\"],\"role\":\"roles/run.invoker\"}]}",
            "project": "devops102-analiza",
            "service": "v1/projects/devops102-analiza/locations/us-central1/services/ali-srv"
          },
          "sensitive_attributes": [],
          "private": "bnVsbA==",
          "dependencies": [
            "data.google_iam_policy.noauth",
            "google_cloud_run_service.default"
          ]
        }
      ]
    },
    {
      "mode": "managed",
      "type": "google_project_service",
      "name": "enaple1",
      "provider": "provider[\"registry.terraform.io/hashicorp/google\"]",
      "instances": [
        {
          "schema_version": 0,
          "attributes": {
            "disable_dependent_services": true,
            "disable_on_destroy": true,
            "id": "devops102-analiza/translate.googleapis.com",
            "project": "devops102-analiza",
            "service": "translate.googleapis.com",
            "timeouts": null
          },
          "sensitive_attributes": [],
          "private": "eyJlMmJmYjczMC1lY2FhLTExZTYtOGY4OC0zNDM2M2JjN2M0YzAiOnsiY3JlYXRlIjoxMjAwMDAwMDAwMDAwLCJkZWxldGUiOjEyMDAwMDAwMDAwMDAsInJlYWQiOjYwMDAwMDAwMDAwMCwidXBkYXRlIjoxMjAwMDAwMDAwMDAwfX0="
        }
      ]
    },
    {
      "mode": "managed",
      "type": "google_project_service",
      "name": "enaple2",
      "provider": "provider[\"registry.terraform.io/hashicorp/google\"]",
      "instances": [
        {
          "schema_version": 0,
          "attributes": {
            "disable_dependent_services": true,
            "disable_on_destroy": true,
            "id": "devops102-analiza/artifactregistry.googleapis.com",
            "project": "devops102-analiza",
            "service": "artifactregistry.googleapis.com",
            "timeouts": null
          },
          "sensitive_attributes": [],
          "private": "eyJlMmJmYjczMC1lY2FhLTExZTYtOGY4OC0zNDM2M2JjN2M0YzAiOnsiY3JlYXRlIjoxMjAwMDAwMDAwMDAwLCJkZWxldGUiOjEyMDAwMDAwMDAwMDAsInJlYWQiOjYwMDAwMDAwMDAwMCwidXBkYXRlIjoxMjAwMDAwMDAwMDAwfX0="
        }
      ]
    },
    {
      "mode": "managed",
      "type": "google_project_service",
      "name": "enaple3",
      "provider": "provider[\"registry.terraform.io/hashicorp/google\"]",
      "instances": [
        {
          "schema_version": 0,
          "attributes": {
            "disable_dependent_services": true,
            "disable_on_destroy": true,
            "id": "devops102-analiza/run.googleapis.com",
            "project": "devops102-analiza",
            "service": "run.googleapis.com",
            "timeouts": null
          },
          "sensitive_attributes": [],
          "private": "eyJlMmJmYjczMC1lY2FhLTExZTYtOGY4OC0zNDM2M2JjN2M0YzAiOnsiY3JlYXRlIjoxMjAwMDAwMDAwMDAwLCJkZWxldGUiOjEyMDAwMDAwMDAwMDAsInJlYWQiOjYwMDAwMDAwMDAwMCwidXBkYXRlIjoxMjAwMDAwMDAwMDAwfX0="
        }
      ]
    }
  ]
}
